// !$*UTF8*$!
{
	archiveVersion = 1;
	classes = {
	};
	objectVersion = 110;
	objects = {

/* Begin PBXContainerItemProxy section */
		945EFC6A306B02B200B6D76E /* PBXContainerItemProxy */ = {
			isa = PBXContainerItemProxy;
			containerPortal = 945EFC54306B02B200B6D76E /* Project object */;
			proxyType = 1;
			remoteGlobalIDString = 945EFC5B306B02B200B6D76E;
			remoteInfo = NewsFeedSwiftUI;
		};
		945EFC74306B02B200B6D76E /* PBXContainerItemProxy */ = {
			isa = PBXContainerItemProxy;
			containerPortal = 945EFC54306B02B200B6D76E /* Project object */;
			proxyType = 1;
			remoteGlobalIDString = 945EFC5B306B02B200B6D76E;
			remoteInfo = NewsFeedSwiftUI;
		};
/* End PBXContainerItemProxy section */

/* Begin PBXFileReference section */
		945EFC5C306B02B200B6D76E /* NewsFeedSwiftUI.app */ = {isa = PBXFileReference; explicitFileType = wrapper.application; includeInIndex = 0; path = NewsFeedSwiftUI.app; sourceTree = BUILT_PRODUCTS_DIR; };
		945EFC69306B02B200B6D76E /* NewsFeedSwiftUITests.xctest */ = {isa = PBXFileReference; explicitFileType = wrapper.cfbundle; includeInIndex = 0; path = NewsFeedSwiftUITests.xctest; sourceTree = BUILT_PRODUCTS_DIR; };
		945EFC73306B02B200B6D76E /* NewsFeedSwiftUIUITests.xctest */ = {isa = PBXFileReference; explicitFileType = wrapper.cfbundle; includeInIndex = 0; path = NewsFeedSwiftUIUITests.xctest; sourceTree = BUILT_PRODUCTS_DIR; };
/* End PBXFileReference section */

/* Begin PBXFileSystemSynchronizedRootGroup section */
		945EFC5E306B02B200B6D76E /* NewsFeedSwiftUI */ = {
			isa = PBXFileSystemSynchronizedRootGroup;
			path = NewsFeedSwiftUI;
			sourceTree = "<group>";
		};
		945EFC6C306B02B200B6D76E /* NewsFeedSwiftUITests */ = {
			isa = PBXFileSystemSynchronizedRootGroup;
			path = NewsFeedSwiftUITests;
			sourceTree = "<group>";
		};
		945EFC76306B02B200B6D76E /* NewsFeedSwiftUIUITests */ = {
			isa = PBXFileSystemSynchronizedRootGroup;
			path = NewsFeedSwiftUIUITests;
			sourceTree = "<group>";
		};
/* End PBXFileSystemSynchronizedRootGroup section */

/* Begin PBXFrameworksBuildPhase section */
		945EFC59306B02B200B6D76E /* Frameworks */ = {
			isa = PBXFrameworksBuildPhase;
			files = (
			);
		};
		945EFC66306B02B200B6D76E /* Frameworks */ = {
			isa = PBXFrameworksBuildPhase;
			files = (
			);
		};
		945EFC70306B02B200B6D76E /* Frameworks */ = {
			isa = PBXFrameworksBuildPhase;
			files = (
			);
		};
/* End PBXFrameworksBuildPhase section */

/* Begin PBXGroup section */
		945EFC53306B02B200B6D76E = {
			isa = PBXGroup;
			children = (
				945EFC5E306B02B200B6D76E /* NewsFeedSwiftUI */,
				945EFC6C306B02B200B6D76E /* NewsFeedSwiftUITests */,
				945EFC76306B02B200B6D76E /* NewsFeedSwiftUIUITests */,
				945EFC5D306B02B200B6D76E /* Products */,
			);
			sourceTree = "<group>";
		};
		945EFC5D306B02B200B6D76E /* Products */ = {
			isa = PBXGroup;
			children = (
				945EFC5C306B02B200B6D76E /* NewsFeedSwiftUI.app */,
				945EFC69306B02B200B6D76E /* NewsFeedSwiftUITests.xctest */,
				945EFC73306B02B200B6D76E /* NewsFeedSwiftUIUITests.xctest */,
			);
			name = Products;
			sourceTree = "<group>";
		};
/* End PBXGroup section */

/* Begin PBXNativeTarget section */
		945EFC5B306B02B200B6D76E /* NewsFeedSwiftUI */ = {
			isa = PBXNativeTarget;
			buildConfigurationList = 945EFC7B306B02B200B6D76E /* Build configuration list for PBXNativeTarget "NewsFeedSwiftUI" */;
			buildPhases = (
				945EFC58306B02B200B6D76E /* Sources */,
				945EFC59306B02B200B6D76E /* Frameworks */,
				945EFC5A306B02B200B6D76E /* Resources */,
			);
			buildRules = (
			);
			fileSystemSynchronizedGroups = (
				945EFC5E306B02B200B6D76E /* NewsFeedSwiftUI */,
			);
			name = NewsFeedSwiftUI;
			productName = NewsFeedSwiftUI;
			productReference = 945EFC5C306B02B200B6D76E /* NewsFeedSwiftUI.app */;
			productType = "com.apple.product-type.application";
		};
		945EFC68306B02B200B6D76E /* NewsFeedSwiftUITests */ = {
			isa = PBXNativeTarget;
			buildConfigurationList = 945EFC7E306B02B200B6D76E /* Build configuration list for PBXNativeTarget "NewsFeedSwiftUITests" */;
			buildPhases = (
				945EFC65306B02B200B6D76E /* Sources */,
				945EFC66306B02B200B6D76E /* Frameworks */,
				945EFC67306B02B200B6D76E /* Resources */,
			);
			buildRules = (
			);
			dependencies = (
				945EFC6B306B02B200B6D76E /* PBXTargetDependency */,
			);
			fileSystemSynchronizedGroups = (
				945EFC6C306B02B200B6D76E /* NewsFeedSwiftUITests */,
			);
			name = NewsFeedSwiftUITests;
			productName = NewsFeedSwiftUITests;
			productReference = 945EFC69306B02B200B6D76E /* NewsFeedSwiftUITests.xctest */;
			productType = "com.apple.product-type.bundle.unit-test";
		};
		945EFC72306B02B200B6D76E /* NewsFeedSwiftUIUITests */ = {
			isa = PBXNativeTarget;
			buildConfigurationList = 945EFC81306B02B200B6D76E /* Build configuration list for PBXNativeTarget "NewsFeedSwiftUIUITests" */;
			buildPhases = (
				945EFC6F306B02B200B6D76E /* Sources */,
				945EFC70306B02B200B6D76E /* Frameworks */,
				945EFC71306B02B200B6D76E /* Resources */,
			);
			buildRules = (
			);
			dependencies = (
				945EFC75306B02B200B6D76E /* PBXTargetDependency */,
			);
			fileSystemSynchronizedGroups = (
				945EFC76306B02B200B6D76E /* NewsFeedSwiftUIUITests */,
			);
			name = NewsFeedSwiftUIUITests;
			productName = NewsFeedSwiftUIUITests;
			productReference = 945EFC73306B02B200B6D76E /* NewsFeedSwiftUIUITests.xctest */;
			productType = "com.apple.product-type.bundle.ui-testing";
		};
/* End PBXNativeTarget section */

/* Begin PBXProject section */
		945EFC54306B02B200B6D76E /* Project object */ = {
			isa = PBXProject;
			attributes = {
				BuildIndependentTargetsInParallel = 1;
				LastSwiftUpdateCheck = 2700;
				LastUpgradeCheck = 2700;
				TargetAttributes = {
					945EFC5B306B02B200B6D76E = {
						CreatedOnToolsVersion = 27.0;
					};
					945EFC68306B02B200B6D76E = {
						CreatedOnToolsVersion = 27.0;
						TestTargetID = 945EFC5B306B02B200B6D76E;
					};
					945EFC72306B02B200B6D76E = {
						CreatedOnToolsVersion = 27.0;
						TestTargetID = 945EFC5B306B02B200B6D76E;
					};
				};
			};
			buildConfigurationList = 945EFC57306B02B200B6D76E /* Build configuration list for PBXProject "NewsFeedSwiftUI" */;
			developmentRegion = en;
			hasScannedForEncodings = 0;
			knownRegions = (
				en,
				Base,
			);
			mainGroup = 945EFC53306B02B200B6D76E;
			minimizedProjectReferenceProxies = 1;
			preferredProjectObjectVersion = 77;
			productRefGroup = 945EFC5D306B02B200B6D76E /* Products */;
			projectDirPath = "";
			projectRoot = "";
			targets = (
				945EFC5B306B02B200B6D76E /* NewsFeedSwiftUI */,
				945EFC68306B02B200B6D76E /* NewsFeedSwiftUITests */,
				945EFC72306B02B200B6D76E /* NewsFeedSwiftUIUITests */,
			);
		};
/* End PBXProject section */

/* Begin PBXResourcesBuildPhase section */
		945EFC5A306B02B200B6D76E /* Resources */ = {
			isa = PBXResourcesBuildPhase;
			files = (
			);
		};
		945EFC67306B02B200B6D76E /* Resources */ = {
			isa = PBXResourcesBuildPhase;
			files = (
			);
		};
		945EFC71306B02B200B6D76E /* Resources */ = {
			isa = PBXResourcesBuildPhase;
			files = (
			);
		};
/* End PBXResourcesBuildPhase section */

/* Begin PBXSourcesBuildPhase section */
		945EFC58306B02B200B6D76E /* Sources */ = {
			isa = PBXSourcesBuildPhase;
			files = (
			);
		};
		945EFC65306B02B200B6D76E /* Sources */ = {
			isa = PBXSourcesBuildPhase;
			files = (
			);
		};
		945EFC6F306B02B200B6D76E /* Sources */ = {
			isa = PBXSourcesBuildPhase;
			files = (
			);
		};
/* End PBXSourcesBuildPhase section */

/* Begin PBXTargetDependency section */
		945EFC6B306B02B200B6D76E /* PBXTargetDependency */ = {
			isa = PBXTargetDependency;
			target = 945EFC5B306B02B200B6D76E /* NewsFeedSwiftUI */;
			targetProxy = 945EFC6A306B02B200B6D76E /* PBXContainerItemProxy */;
		};
		945EFC75306B02B200B6D76E /* PBXTargetDependency */ = {
			isa = PBXTargetDependency;
			target = 945EFC5B306B02B200B6D76E /* NewsFeedSwiftUI */;
			targetProxy = 945EFC74306B02B200B6D76E /* PBXContainerItemProxy */;
		};
/* End PBXTargetDependency section */

/* Begin XCBuildConfiguration section */
		945EFC79306B02B200B6D76E /* Debug configuration for PBXProject "NewsFeedSwiftUI" */ = {
			isa = XCBuildConfiguration;
			buildSettings = {
				ALWAYS_SEARCH_USER_PATHS = NO;
				ASSETCATALOG_COMPILER_GENERATE_SWIFT_ASSET_SYMBOL_EXTENSIONS = YES;
				CLANG_ANALYZER_NONNULL = YES;
				CLANG_ANALYZER_NUMBER_OBJECT_CONVERSION = YES_AGGRESSIVE;
				CLANG_CXX_LANGUAGE_STANDARD = "gnu++20";
				CLANG_ENABLE_MODULES = YES;
				CLANG_ENABLE_OBJC_ARC = YES;
				CLANG_ENABLE_OBJC_WEAK = YES;
				CLANG_WARN_BLOCK_CAPTURE_AUTORELEASING = YES;
				CLANG_WARN_BOOL_CONVERSION = YES;
				CLANG_WARN_COMMA = YES;
				CLANG_WARN_CONSTANT_CONVERSION = YES;
				CLANG_WARN_DEPRECATED_OBJC_IMPLEMENTATIONS = YES;
				CLANG_WARN_DIRECT_OBJC_ISA_USAGE = YES_ERROR;
				CLANG_WARN_DOCUMENTATION_COMMENTS = YES;
				CLANG_WARN_EMPTY_BODY = YES;
				CLANG_WARN_ENUM_CONVERSION = YES;
				CLANG_WARN_INFINITE_RECURSION = YES;
				CLANG_WARN_INT_CONVERSION = YES;
				CLANG_WARN_NON_LITERAL_NULL_CONVERSION = YES;
				CLANG_WARN_OBJC_IMPLICIT_RETAIN_SELF = YES;
				CLANG_WARN_OBJC_LITERAL_CONVERSION = YES;
				CLANG_WARN_OBJC_ROOT_CLASS = YES_ERROR;
				CLANG_WARN_QUOTED_INCLUDE_IN_FRAMEWORK_HEADER = YES;
				CLANG_WARN_RANGE_LOOP_ANALYSIS = YES;
				CLANG_WARN_STRICT_PROTOTYPES = YES;
				CLANG_WARN_SUSPICIOUS_MOVE = YES;
				CLANG_WARN_UNGUARDED_AVAILABILITY = YES_AGGRESSIVE;
				CLANG_WARN_UNREACHABLE_CODE = YES;
				CLANG_WARN__DUPLICATE_METHOD_MATCH = YES;
				COPY_PHASE_STRIP = NO;
				DEBUG_INFORMATION_FORMAT = dwarf;
				DEVELOPMENT_TEAM = C8JVNG2DDK;
				ENABLE_STRICT_OBJC_MSGSEND = YES;
				ENABLE_TESTABILITY = YES;
				ENABLE_USER_SCRIPT_SANDBOXING = YES;
				GCC_C_LANGUAGE_STANDARD = gnu17;
				GCC_DYNAMIC_NO_PIC = NO;
				GCC_NO_COMMON_BLOCKS = YES;
				GCC_OPTIMIZATION_LEVEL = 0;
				GCC_PREPROCESSOR_DEFINITIONS = (
					"DEBUG=1",
					"$(inherited)",
				);
				GCC_WARN_64_TO_32_BIT_CONVERSION = YES;
				GCC_WARN_ABOUT_RETURN_TYPE = YES_ERROR;
				GCC_WARN_UNDECLARED_SELECTOR = YES;
				GCC_WARN_UNINITIALIZED_AUTOS = YES_AGGRESSIVE;
				GCC_WARN_UNUSED_FUNCTION = YES;
				GCC_WARN_UNUSED_VARIABLE = YES;
				IPHONEOS_DEPLOYMENT_TARGET = 27.0;
				LOCALIZATION_PREFERS_STRING_CATALOGS = YES;
				MTL_ENABLE_DEBUG_INFO = INCLUDE_SOURCE;
				MTL_FAST_MATH = YES;
				ONLY_ACTIVE_ARCH = YES;
				SDKROOT = iphoneos;
				SWIFT_ACTIVE_COMPILATION_CONDITIONS = "DEBUG $(inherited)";
				SWIFT_OPTIMIZATION_LEVEL = "-Onone";
			};
			name = Debug;
		};
		945EFC7A306B02B200B6D76E /* Release configuration for PBXProject "NewsFeedSwiftUI" */ = {
			isa = XCBuildConfiguration;
			buildSettings = {
				ALWAYS_SEARCH_USER_PATHS = NO;
				ASSETCATALOG_COMPILER_GENERATE_SWIFT_ASSET_SYMBOL_EXTENSIONS = YES;
				CLANG_ANALYZER_NONNULL = YES;
				CLANG_ANALYZER_NUMBER_OBJECT_CONVERSION = YES_AGGRESSIVE;
				CLANG_CXX_LANGUAGE_STANDARD = "gnu++20";
				CLANG_ENABLE_MODULES = YES;
				CLANG_ENABLE_OBJC_ARC = YES;
				CLANG_ENABLE_OBJC_WEAK = YES;
				CLANG_WARN_BLOCK_CAPTURE_AUTORELEASING = YES;
				CLANG_WARN_BOOL_CONVERSION = YES;
				CLANG_WARN_COMMA = YES;
				CLANG_WARN_CONSTANT_CONVERSION = YES;
				CLANG_WARN_DEPRECATED_OBJC_IMPLEMENTATIONS = YES;
				CLANG_WARN_DIRECT_OBJC_ISA_USAGE = YES_ERROR;
				CLANG_WARN_DOCUMENTATION_COMMENTS = YES;
				CLANG_WARN_EMPTY_BODY = YES;
				CLANG_WARN_ENUM_CONVERSION = YES;
				CLANG_WARN_INFINITE_RECURSION = YES;
				CLANG_WARN_INT_CONVERSION = YES;
				CLANG_WARN_NON_LITERAL_NULL_CONVERSION = YES;
				CLANG_WARN_OBJC_IMPLICIT_RETAIN_SELF = YES;
				CLANG_WARN_OBJC_LITERAL_CONVERSION = YES;
				CLANG_WARN_OBJC_ROOT_CLASS = YES_ERROR;
				CLANG_WARN_QUOTED_INCLUDE_IN_FRAMEWORK_HEADER = YES;
				CLANG_WARN_RANGE_LOOP_ANALYSIS = YES;
				CLANG_WARN_STRICT_PROTOTYPES = YES;
				CLANG_WARN_SUSPICIOUS_MOVE = YES;
				CLANG_WARN_UNGUARDED_AVAILABILITY = YES_AGGRESSIVE;
				CLANG_WARN_UNREACHABLE_CODE = YES;
				CLANG_WARN__DUPLICATE_METHOD_MATCH = YES;
				COPY_PHASE_STRIP = NO;
				DEBUG_INFORMATION_FORMAT = "dwarf-with-dsym";
				DEVELOPMENT_TEAM = C8JVNG2DDK;
				ENABLE_NS_ASSERTIONS = NO;
				ENABLE_STRICT_OBJC_MSGSEND = YES;
				ENABLE_USER_SCRIPT_SANDBOXING = YES;
				GCC_C_LANGUAGE_STANDARD = gnu17;
				GCC_NO_COMMON_BLOCKS = YES;
				GCC_WARN_64_TO_32_BIT_CONVERSION = YES;
				GCC_WARN_ABOUT_RETURN_TYPE = YES_ERROR;
				GCC_WARN_UNDECLARED_SELECTOR = YES;
				GCC_WARN_UNINITIALIZED_AUTOS = YES_AGGRESSIVE;
				GCC_WARN_UNUSED_FUNCTION = YES;
				GCC_WARN_UNUSED_VARIABLE = YES;
				IPHONEOS_DEPLOYMENT_TARGET = 27.0;
				LOCALIZATION_PREFERS_STRING_CATALOGS = YES;
				MTL_ENABLE_DEBUG_INFO = NO;
				MTL_FAST_MATH = YES;
				SDKROOT = iphoneos;
				SWIFT_COMPILATION_MODE = wholemodule;
				VALIDATE_PRODUCT = YES;
			};
			name = Release;
		};
		945EFC7C306B02B200B6D76E /* Debug configuration for PBXNativeTarget "NewsFeedSwiftUI" */ = {
			isa = XCBuildConfiguration;
			buildSettings = {
				ASSETCATALOG_COMPILER_APPICON_NAME = AppIcon;
				ASSETCATALOG_COMPILER_GLOBAL_ACCENT_COLOR_NAME = AccentColor;
				CODE_SIGN_STYLE = Automatic;
				CURRENT_PROJECT_VERSION = 1;
				DEVELOPMENT_TEAM = C8JVNG2DDK;
				ENABLE_PREVIEWS = YES;
				GENERATE_INFOPLIST_FILE = YES;
				INFOPLIST_KEY_UIApplicationSceneManifest_Generation = YES;
				INFOPLIST_KEY_UIApplicationSupportsIndirectInputEvents = YES;
				INFOPLIST_KEY_UILaunchScreen_Generation = YES;
				INFOPLIST_KEY_UISupportedInterfaceOrientations_iPad = "UIInterfaceOrientationPortrait UIInterfaceOrientationPortraitUpsideDown UIInterfaceOrientationLandscapeLeft UIInterfaceOrientationLandscapeRight";
				INFOPLIST_KEY_UISupportedInterfaceOrientations_iPhone = "UIInterfaceOrientationPortrait UIInterfaceOrientationLandscapeLeft UIInterfaceOrientationLandscapeRight";
				LD_RUNPATH_SEARCH_PATHS = (
					"$(inherited)",
					"@executable_path/Frameworks",
				);
				MARKETING_VERSION = 1.0;
				PRODUCT_BUNDLE_IDENTIFIER = Network.NewsFeedSwiftUI;
				PRODUCT_NAME = "$(TARGET_NAME)";
				STRING_CATALOG_GENERATE_SYMBOLS = YES;
				SWIFT_APPROACHABLE_CONCURRENCY = YES;
				SWIFT_DEFAULT_ACTOR_ISOLATION = MainActor;
				SWIFT_EMIT_LOC_STRINGS = YES;
				SWIFT_UPCOMING_FEATURE_MEMBER_IMPORT_VISIBILITY = YES;
				SWIFT_VERSION = 5.0;
				TARGETED_DEVICE_FAMILY = "1,2";
			};
			name = Debug;
		};
		945EFC7D306B02B200B6D76E /* Release configuration for PBXNativeTarget "NewsFeedSwiftUI" */ = {
			isa = XCBuildConfiguration;
			buildSettings = {
				ASSETCATALOG_COMPILER_APPICON_NAME = AppIcon;
				ASSETCATALOG_COMPILER_GLOBAL_ACCENT_COLOR_NAME = AccentColor;
				CODE_SIGN_STYLE = Automatic;
				CURRENT_PROJECT_VERSION = 1;
				DEVELOPMENT_TEAM = C8JVNG2DDK;
				ENABLE_PREVIEWS = YES;
				GENERATE_INFOPLIST_FILE = YES;
				INFOPLIST_KEY_UIApplicationSceneManifest_Generation = YES;
				INFOPLIST_KEY_UIApplicationSupportsIndirectInputEvents = YES;
				INFOPLIST_KEY_UILaunchScreen_Generation = YES;
				INFOPLIST_KEY_UISupportedInterfaceOrientations_iPad = "UIInterfaceOrientationPortrait UIInterfaceOrientationPortraitUpsideDown UIInterfaceOrientationLandscapeLeft UIInterfaceOrientationLandscapeRight";
				INFOPLIST_KEY_UISupportedInterfaceOrientations_iPhone = "UIInterfaceOrientationPortrait UIInterfaceOrientationLandscapeLeft UIInterfaceOrientationLandscapeRight";
				LD_RUNPATH_SEARCH_PATHS = (
					"$(inherited)",
					"@executable_path/Frameworks",
				);
				MARKETING_VERSION = 1.0;
				PRODUCT_BUNDLE_IDENTIFIER = Network.NewsFeedSwiftUI;
				PRODUCT_NAME = "$(TARGET_NAME)";
				STRING_CATALOG_GENERATE_SYMBOLS = YES;
				SWIFT_APPROACHABLE_CONCURRENCY = YES;
				SWIFT_DEFAULT_ACTOR_ISOLATION = MainActor;
				SWIFT_EMIT_LOC_STRINGS = YES;
				SWIFT_UPCOMING_FEATURE_MEMBER_IMPORT_VISIBILITY = YES;
				SWIFT_VERSION = 5.0;
				TARGETED_DEVICE_FAMILY = "1,2";
			};
			name = Release;
		};
		945EFC7F306B02B200B6D76E /* Debug configuration for PBXNativeTarget "NewsFeedSwiftUITests" */ = {
			isa = XCBuildConfiguration;
			buildSettings = {
				BUNDLE_LOADER = "$(TEST_HOST)";
				CODE_SIGN_STYLE = Automatic;
				CURRENT_PROJECT_VERSION = 1;
				DEVELOPMENT_TEAM = C8JVNG2DDK;
				GENERATE_INFOPLIST_FILE = YES;
				IPHONEOS_DEPLOYMENT_TARGET = 27.0;
				MARKETING_VERSION = 1.0;
				PRODUCT_BUNDLE_IDENTIFIER = Network.NewsFeedSwiftUITests;
				PRODUCT_NAME = "$(TARGET_NAME)";
				STRING_CATALOG_GENERATE_SYMBOLS = NO;
				SWIFT_APPROACHABLE_CONCURRENCY = YES;
				SWIFT_EMIT_LOC_STRINGS = NO;
				SWIFT_UPCOMING_FEATURE_MEMBER_IMPORT_VISIBILITY = YES;
				SWIFT_VERSION = 5.0;
				TARGETED_DEVICE_FAMILY = "1,2";
				TEST_HOST = "$(BUILT_PRODUCTS_DIR)/NewsFeedSwiftUI.app/$(BUNDLE_EXECUTABLE_FOLDER_PATH)/NewsFeedSwiftUI";
			};
			name = Debug;
		};
		945EFC80306B02B200B6D76E /* Release configuration for PBXNativeTarget "NewsFeedSwiftUITests" */ = {
			isa = XCBuildConfiguration;
			buildSettings = {
				BUNDLE_LOADER = "$(TEST_HOST)";
				CODE_SIGN_STYLE = Automatic;
				CURRENT_PROJECT_VERSION = 1;
				DEVELOPMENT_TEAM = C8JVNG2DDK;
				GENERATE_INFOPLIST_FILE = YES;
				IPHONEOS_DEPLOYMENT_TARGET = 27.0;
				MARKETING_VERSION = 1.0;
				PRODUCT_BUNDLE_IDENTIFIER = Network.NewsFeedSwiftUITests;
				PRODUCT_NAME = "$(TARGET_NAME)";
				STRING_CATALOG_GENERATE_SYMBOLS = NO;
				SWIFT_APPROACHABLE_CONCURRENCY = YES;
				SWIFT_EMIT_LOC_STRINGS = NO;
				SWIFT_UPCOMING_FEATURE_MEMBER_IMPORT_VISIBILITY = YES;
				SWIFT_VERSION = 5.0;
				TARGETED_DEVICE_FAMILY = "1,2";
				TEST_HOST = "$(BUILT_PRODUCTS_DIR)/NewsFeedSwiftUI.app/$(BUNDLE_EXECUTABLE_FOLDER_PATH)/NewsFeedSwiftUI";
			};
			name = Release;
		};
		945EFC82306B02B200B6D76E /* Debug configuration for PBXNativeTarget "NewsFeedSwiftUIUITests" */ = {
			isa = XCBuildConfiguration;
			buildSettings = {
				CODE_SIGN_STYLE = Automatic;
				CURRENT_PROJECT_VERSION = 1;
				DEVELOPMENT_TEAM = C8JVNG2DDK;
				GENERATE_INFOPLIST_FILE = YES;
				MARKETING_VERSION = 1.0;
				PRODUCT_BUNDLE_IDENTIFIER = Network.NewsFeedSwiftUIUITests;
				PRODUCT_NAME = "$(TARGET_NAME)";
				STRING_CATALOG_GENERATE_SYMBOLS = NO;
				SWIFT_APPROACHABLE_CONCURRENCY = YES;
				SWIFT_EMIT_LOC_STRINGS = NO;
				SWIFT_UPCOMING_FEATURE_MEMBER_IMPORT_VISIBILITY = YES;
				SWIFT_VERSION = 5.0;
				TARGETED_DEVICE_FAMILY = "1,2";
				TEST_TARGET_NAME = NewsFeedSwiftUI;
			};
			name = Debug;
		};
		945EFC83306B02B200B6D76E /* Release configuration for PBXNativeTarget "NewsFeedSwiftUIUITests" */ = {
			isa = XCBuildConfiguration;
			buildSettings = {
				CODE_SIGN_STYLE = Automatic;
				CURRENT_PROJECT_VERSION = 1;
				DEVELOPMENT_TEAM = C8JVNG2DDK;
				GENERATE_INFOPLIST_FILE = YES;
				MARKETING_VERSION = 1.0;
				PRODUCT_BUNDLE_IDENTIFIER = Network.NewsFeedSwiftUIUITests;
				PRODUCT_NAME = "$(TARGET_NAME)";
				STRING_CATALOG_GENERATE_SYMBOLS = NO;
				SWIFT_APPROACHABLE_CONCURRENCY = YES;
				SWIFT_EMIT_LOC_STRINGS = NO;
				SWIFT_UPCOMING_FEATURE_MEMBER_IMPORT_VISIBILITY = YES;
				SWIFT_VERSION = 5.0;
				TARGETED_DEVICE_FAMILY = "1,2";
				TEST_TARGET_NAME = NewsFeedSwiftUI;
			};
			name = Release;
		};
/* End XCBuildConfiguration section */

/* Begin XCConfigurationList section */
		945EFC57306B02B200B6D76E /* Build configuration list for PBXProject "NewsFeedSwiftUI" */ = {
			isa = XCConfigurationList;
			buildConfigurations = (
				945EFC79306B02B200B6D76E /* Debug configuration for PBXProject "NewsFeedSwiftUI" */,
				945EFC7A306B02B200B6D76E /* Release configuration for PBXProject "NewsFeedSwiftUI" */,
			);
			defaultConfigurationName = Release;
		};
		945EFC7B306B02B200B6D76E /* Build configuration list for PBXNativeTarget "NewsFeedSwiftUI" */ = {
			isa = XCConfigurationList;
			buildConfigurations = (
				945EFC7C306B02B200B6D76E /* Debug configuration for PBXNativeTarget "NewsFeedSwiftUI" */,
				945EFC7D306B02B200B6D76E /* Release configuration for PBXNativeTarget "NewsFeedSwiftUI" */,
			);
			defaultConfigurationName = Release;
		};
		945EFC7E306B02B200B6D76E /* Build configuration list for PBXNativeTarget "NewsFeedSwiftUITests" */ = {
			isa = XCConfigurationList;
			buildConfigurations = (
				945EFC7F306B02B200B6D76E /* Debug configuration for PBXNativeTarget "NewsFeedSwiftUITests" */,
				945EFC80306B02B200B6D76E /* Release configuration for PBXNativeTarget "NewsFeedSwiftUITests" */,
			);
			defaultConfigurationName = Release;
		};
		945EFC81306B02B200B6D76E /* Build configuration list for PBXNativeTarget "NewsFeedSwiftUIUITests" */ = {
			isa = XCConfigurationList;
			buildConfigurations = (
				945EFC82306B02B200B6D76E /* Debug configuration for PBXNativeTarget "NewsFeedSwiftUIUITests" */,
				945EFC83306B02B200B6D76E /* Release configuration for PBXNativeTarget "NewsFeedSwiftUIUITests" */,
			);
			defaultConfigurationName = Release;
		};
/* End XCConfigurationList section */
	};
	rootObject = 945EFC54306B02B200B6D76E /* Project object */;
	validationLevel = 1;
}
